
Microsoft Visual Studio Solution File, Format Version 12.00
# Visual Studio Version 16
VisualStudioVersion = 16.0.31410.357
MinimumVisualStudioVersion = 10.0.40219.1
Project("{FAE04EC0-301F-11D3-BF4B-00C04F79EFBC}") = "UisraelSistemaCalificaciones.Android", "UisraelSistemaCalificaciones.Android\UisraelSistemaCalificaciones.Android.csproj", "{55C20CB7-0187-4933-BDC5-1BBF1347F73E}"
EndProject
Project("{FAE04EC0-301F-11D3-BF4B-00C04F79EFBC}") = "UisraelSistemaCalificaciones.iOS", "UisraelSistemaCalificaciones.iOS\UisraelSistemaCalificaciones.iOS.csproj", "{C223C072-7309-4AF8-974C-2952895E6859}"
EndProject
Project("{FAE04EC0-301F-11D3-BF4B-00C04F79EFBC}") = "UisraelSistemaCalificaciones", "UisraelSistemaCalificaciones\UisraelSistemaCalificaciones.csproj", "{7E261739-500C-4B8C-A44D-99714E1B247B}"
EndProject
Global
	GlobalSection(SolutionConfigurationPlatforms) = preSolution
		Debug|Any CPU = Debug|Any CPU
		Debug|iPhone = Debug|iPhone
		Debug|iPhoneSimulator = Debug|iPhoneSimulator
		Release|Any CPU = Release|Any CPU
		Release|iPhone = Release|iPhone
		Release|iPhoneSimulator = Release|iPhoneSimulator
	EndGlobalSection
	GlobalSection(ProjectConfigurationPlatforms) = postSolution
		{55C20CB7-0187-4933-BDC5-1BBF1347F73E}.Debug|Any CPU.ActiveCfg = Debug|Any CPU
		{55C20CB7-0187-4933-BDC5-1BBF1347F73E}.Debug|Any CPU.Build.0 = Debug|Any CPU
		{55C20CB7-0187-4933-BDC5-1BBF1347F73E}.Debug|Any CPU.Deploy.0 = Debug|Any CPU
		{55C20CB7-0187-4933-BDC5-1BBF1347F73E}.Debug|iPhone.ActiveCfg = Debug|Any CPU
		{55C20CB7-0187-4933-BDC5-1BBF1347F73E}.Debug|iPhone.Build.0 = Debug|Any CPU
		{55C20CB7-0187-4933-BDC5-1BBF1347F73E}.Debug|iPhone.Deploy.0 = Debug|Any CPU
		{55C20CB7-0187-4933-BDC5-1BBF1347F73E}.Debug|iPhoneSimulator.ActiveCfg = Debug|Any CPU
		{55C20CB7-0187-4933-BDC5-1BBF1347F73E}.Debug|iPhoneSimulator.Build.0 = Debug|Any CPU
		{55C20CB7-0187-4933-BDC5-1BBF1347F73E}.Debug|iPhoneSimulator.Deploy.0 = Debug|Any CPU
		{55C20CB7-0187-4933-BDC5-1BBF1347F73E}.Release|Any CPU.ActiveCfg = Release|Any CPU
		{55C20CB7-0187-4933-BDC5-1BBF1347F73E}.Release|Any CPU.Build.0 = Release|Any CPU
		{55C20CB7-0187-4933-BDC5-1BBF1347F73E}.Release|Any CPU.Deploy.0 = Release|Any CPU
		{55C20CB7-0187-4933-BDC5-1BBF1347F73E}.Release|iPhone.ActiveCfg = Release|Any CPU
		{55C20CB7-0187-4933-BDC5-1BBF1347F73E}.Release|iPhone.Build.0 = Release|Any CPU
		{55C20CB7-0187-4933-BDC5-1BBF1347F73E}.Release|iPhone.Deploy.0 = Release|Any CPU
		{55C20CB7-0187-4933-BDC5-1BBF1347F73E}.Release|iPhoneSimulator.ActiveCfg = Release|Any CPU
		{55C20CB7-0187-4933-BDC5-1BBF1347F73E}.Release|iPhoneSimulator.Build.0 = Release|Any CPU
		{55C20CB7-0187-4933-BDC5-1BBF1347F73E}.Release|iPhoneSimulator.Deploy.0 = Release|Any CPU
		{C223C072-7309-4AF8-974C-2952895E6859}.Debug|Any CPU.ActiveCfg = Debug|iPhone
		{C223C072-7309-4AF8-974C-2952895E6859}.Debug|Any CPU.Build.0 = Debug|iPhone
		{C223C072-7309-4AF8-974C-2952895E6859}.Debug|Any CPU.Deploy.0 = Debug|iPhone
		{C223C072-7309-4AF8-974C-2952895E6859}.Debug|iPhone.ActiveCfg = Debug|iPhone
		{C223C072-7309-4AF8-974C-2952895E6859}.Debug|iPhone.Build.0 = Debug|iPhone
		{C223C072-7309-4AF8-974C-2952895E6859}.Debug|iPhone.Deploy.0 = Debug|iPhone
		{C223C072-7309-4AF8-974C-2952895E6859}.Debug|iPhoneSimulator.ActiveCfg = Debug|iPhoneSimulator
		{C223C072-7309-4AF8-974C-2952895E6859}.Debug|iPhoneSimulator.Build.0 = Debug|iPhoneSimulator
		{C223C072-7309-4AF8-974C-2952895E6859}.Debug|iPhoneSimulator.Deploy.0 = Debug|iPhoneSimulator
		{C223C072-7309-4AF8-974C-2952895E6859}.Release|Any CPU.ActiveCfg = Release|iPhoneSimulator
		{C223C072-7309-4AF8-974C-2952895E6859}.Release|Any CPU.Build.0 = Release|iPhoneSimulator
		{C223C072-7309-4AF8-974C-2952895E6859}.Release|Any CPU.Deploy.0 = Release|iPhoneSimulator
		{C223C072-7309-4AF8-974C-2952895E6859}.Release|iPhone.ActiveCfg = Release|iPhone
		{C223C072-7309-4AF8-974C-2952895E6859}.Release|iPhone.Build.0 = Release|iPhone
		{C223C072-7309-4AF8-974C-2952895E6859}.Release|iPhone.Deploy.0 = Release|iPhone
		{C223C072-7309-4AF8-974C-2952895E6859}.Release|iPhoneSimulator.ActiveCfg = Release|iPhoneSimulator
		{C223C072-7309-4AF8-974C-2952895E6859}.Release|iPhoneSimulator.Build.0 = Release|iPhoneSimulator
		{C223C072-7309-4AF8-974C-2952895E6859}.Release|iPhoneSimulator.Deploy.0 = Release|iPhoneSimulator
		{7E261739-500C-4B8C-A44D-99714E1B247B}.Debug|Any CPU.ActiveCfg = Debug|Any CPU
		{7E261739-500C-4B8C-A44D-99714E1B247B}.Debug|Any CPU.Build.0 = Debug|Any CPU
		{7E261739-500C-4B8C-A44D-99714E1B247B}.Debug|Any CPU.Deploy.0 = Debug|Any CPU
		{7E261739-500C-4B8C-A44D-99714E1B247B}.Debug|iPhone.ActiveCfg = Debug|Any CPU
		{7E261739-500C-4B8C-A44D-99714E1B247B}.Debug|iPhone.Build.0 = Debug|Any CPU
		{7E261739-500C-4B8C-A44D-99714E1B247B}.Debug|iPhone.Deploy.0 = Debug|Any CPU
		{7E261739-500C-4B8C-A44D-99714E1B247B}.Debug|iPhoneSimulator.ActiveCfg = Debug|Any CPU
		{7E261739-500C-4B8C-A44D-99714E1B247B}.Debug|iPhoneSimulator.Build.0 = Debug|Any CPU
		{7E261739-500C-4B8C-A44D-99714E1B247B}.Debug|iPhoneSimulator.Deploy.0 = Debug|Any CPU
		{7E261739-500C-4B8C-A44D-99714E1B247B}.Release|Any CPU.ActiveCfg = Release|Any CPU
		{7E261739-500C-4B8C-A44D-99714E1B247B}.Release|Any CPU.Build.0 = Release|Any CPU
		{7E261739-500C-4B8C-A44D-99714E1B247B}.Release|Any CPU.Deploy.0 = Release|Any CPU
		{7E261739-500C-4B8C-A44D-99714E1B247B}.Release|iPhone.ActiveCfg = Release|Any CPU
		{7E261739-500C-4B8C-A44D-99714E1B247B}.Release|iPhone.Build.0 = Release|Any CPU
		{7E261739-500C-4B8C-A44D-99714E1B247B}.Release|iPhone.Deploy.0 = Release|Any CPU
		{7E261739-500C-4B8C-A44D-99714E1B247B}.Release|iPhoneSimulator.ActiveCfg = Release|Any CPU
		{7E261739-500C-4B8C-A44D-99714E1B247B}.Release|iPhoneSimulator.Build.0 = Release|Any CPU
		{7E261739-500C-4B8C-A44D-99714E1B247B}.Release|iPhoneSimulator.Deploy.0 = Release|Any CPU
	EndGlobalSection
	GlobalSection(SolutionProperties) = preSolution
		HideSolutionNode = FALSE
	EndGlobalSection
	GlobalSection(ExtensibilityGlobals) = postSolution
		SolutionGuid = {A0BA8E98-F969-4CDF-8271-0D5A4790BB28}
	EndGlobalSection
EndGlobal
